{
  "version": 4,
  "terraform_version": "0.12.12",
  "serial": 3,
  "lineage": "9e0febef-dc0c-ea72-2d3c-105859274b7a",
  "outputs": {},
  "resources": [
    {
      "mode": "managed",
      "type": "google_compute_instance",
      "name": "vm_instance",
      "provider": "provider.google",
      "instances": [
        {
          "schema_version": 6,
          "attributes_flat": {
            "attached_disk.#": "0",
            "boot_disk.#": "1",
            "boot_disk.0.auto_delete": "true",
            "boot_disk.0.device_name": "persistent-disk-0",
            "boot_disk.0.disk_encryption_key_raw": "",
            "boot_disk.0.disk_encryption_key_sha256": "",
            "boot_disk.0.initialize_params.#": "1",
            "boot_disk.0.initialize_params.0.image": "https://www.googleapis.com/compute/v1/projects/debian-cloud/global/images/debian-9-stretch-v20190326",
            "boot_disk.0.initialize_params.0.labels.%": "0",
            "boot_disk.0.initialize_params.0.size": "10",
            "boot_disk.0.initialize_params.0.type": "pd-standard",
            "boot_disk.0.kms_key_self_link": "",
            "boot_disk.0.mode": "READ_WRITE",
            "boot_disk.0.source": "https://www.googleapis.com/compute/v1/projects/watchful-augury-234515/zones/asia-northeast1-c/disks/personal-vpn",
            "can_ip_forward": "false",
            "cpu_platform": "Intel Broadwell",
            "deletion_protection": "false",
            "description": "",
            "guest_accelerator.#": "0",
            "hostname": "",
            "id": "personal-vpn",
            "instance_id": "7905783704505509614",
            "label_fingerprint": "42WmSpB8rSM=",
            "labels.%": "0",
            "machine_type": "f1-micro",
            "metadata.%": "0",
            "metadata_fingerprint": "KDZ-YC8kfRU=",
            "metadata_startup_script": "",
            "min_cpu_platform": "",
            "name": "personal-vpn",
            "network_interface.#": "1",
            "network_interface.0.access_config.#": "1",
            "network_interface.0.access_config.0.assigned_nat_ip": "",
            "network_interface.0.access_config.0.nat_ip": "35.200.101.169",
            "network_interface.0.access_config.0.network_tier": "PREMIUM",
            "network_interface.0.access_config.0.public_ptr_domain_name": "",
            "network_interface.0.address": "",
            "network_interface.0.alias_ip_range.#": "0",
            "network_interface.0.name": "nic0",
            "network_interface.0.network": "https://www.googleapis.com/compute/v1/projects/watchful-augury-234515/global/networks/default",
            "network_interface.0.network_ip": "10.146.0.2",
            "network_interface.0.subnetwork": "https://www.googleapis.com/compute/v1/projects/watchful-augury-234515/regions/asia-northeast1/subnetworks/default",
            "network_interface.0.subnetwork_project": "watchful-augury-234515",
            "project": "watchful-augury-234515",
            "scheduling.#": "1",
            "scheduling.0.automatic_restart": "true",
            "scheduling.0.node_affinities.#": "0",
            "scheduling.0.on_host_maintenance": "MIGRATE",
            "scheduling.0.preemptible": "false",
            "scratch_disk.#": "0",
            "self_link": "https://www.googleapis.com/compute/v1/projects/watchful-augury-234515/zones/asia-northeast1-c/instances/personal-vpn",
            "service_account.#": "0",
            "shielded_instance_config.#": "0",
            "tags.#": "0",
            "tags_fingerprint": "42WmSpB8rSM=",
            "zone": "asia-northeast1-c"
          },
          "private": "eyJlMmJmYjczMC1lY2FhLTExZTYtOGY4OC0zNDM2M2JjN2M0YzAiOnsiY3JlYXRlIjozNjAwMDAwMDAwMDAsImRlbGV0ZSI6MzYwMDAwMDAwMDAwLCJ1cGRhdGUiOjM2MDAwMDAwMDAwMH19"
        }
      ]
    }
  ]
}
